
Microsoft Visual Studio Solution File, Format Version 12.00
# Visual Studio Version 17
VisualStudioVersion = 17.4.33213.308
MinimumVisualStudioVersion = 10.0.40219.1
Project("{FAE04EC0-301F-11D3-BF4B-00C04F79EFBC}") = "aad-b2c-api", "aad-b2c-api\aad-b2c-api.csproj", "{ADA2F502-4E01-4979-A29F-8FF3F0C5A241}"
EndProject
Global
	GlobalSection(SolutionConfigurationPlatforms) = preSolution
		Debug|Any CPU = Debug|Any CPU
		Release|Any CPU = Release|Any CPU
	EndGlobalSection
	GlobalSection(ProjectConfigurationPlatforms) = postSolution
		{ADA2F502-4E01-4979-A29F-8FF3F0C5A241}.Debug|Any CPU.ActiveCfg = Debug|Any CPU
		{ADA2F502-4E01-4979-A29F-8FF3F0C5A241}.Debug|Any CPU.Build.0 = Debug|Any CPU
		{ADA2F502-4E01-4979-A29F-8FF3F0C5A241}.Release|Any CPU.ActiveCfg = Release|Any CPU
		{ADA2F502-4E01-4979-A29F-8FF3F0C5A241}.Release|Any CPU.Build.0 = Release|Any CPU
	EndGlobalSection
	GlobalSection(SolutionProperties) = preSolution
		HideSolutionNode = FALSE
	EndGlobalSection
	GlobalSection(ExtensibilityGlobals) = postSolution
		SolutionGuid = {A5409E3A-A9BE-4522-8F83-AFC5DC52A0C5}
	EndGlobalSection
EndGlobal
